
Microsoft Visual Studio Solution File, Format Version 12.00
# Visual Studio Version 17
VisualStudioVersion = 17.8.34330.188
MinimumVisualStudioVersion = 10.0.40219.1
Project("{2150E333-8FDC-42A3-9474-1A3956D46DE8}") = "src", "src", "{85D115C0-CBF1-4196-A4DB-5E538186D237}"
EndProject
Project("{2150E333-8FDC-42A3-9474-1A3956D46DE8}") = "tests", "tests", "{E289F390-3AA6-4B9D-93D2-E23061C7ABAD}"
EndProject
Project("{2150E333-8FDC-42A3-9474-1A3956D46DE8}") = "common", "common", "{E0BABB26-E6D1-4ECE-8DBA-59C8B2D628ED}"
	ProjectSection(SolutionItems) = preProject
		.gitlab-ci.yml = .gitlab-ci.yml
		docker-compose.yml = docker-compose.yml
		readme.md = readme.md
	EndProjectSection
EndProject
Project("{9A19103F-16F7-4668-BE54-9A1E7A4F7556}") = "Ozon.Route256.Practice.OrdersService", "src\Ozon.Route256.Practice.OrdersService\Ozon.Route256.Practice.OrdersService.csproj", "{867AD4A3-BA90-4943-AC0F-71AEF0557AB3}"
EndProject
Project("{9A19103F-16F7-4668-BE54-9A1E7A4F7556}") = "Ozon.Route256.Practice.GatewayService", "src\Ozon.Route256.Practice.GatewayService\Ozon.Route256.Practice.GatewayService.csproj", "{3B728430-7815-4B32-AE65-AA59A584B8D9}"
EndProject
Project("{9A19103F-16F7-4668-BE54-9A1E7A4F7556}") = "TestServices", "TestServices\TestServices.csproj", "{5A297042-0E50-41F1-8D46-89F2F4267CEE}"
EndProject
Project("{2150E333-8FDC-42A3-9474-1A3956D46DE8}") = "Solution Items", "Solution Items", "{5F8F0E2F-3C90-4EC7-AE75-64C2A0B516EA}"
	ProjectSection(SolutionItems) = preProject
		.editorconfig = .editorconfig
	EndProjectSection
EndProject
Global
	GlobalSection(SolutionConfigurationPlatforms) = preSolution
		Debug|Any CPU = Debug|Any CPU
		Release|Any CPU = Release|Any CPU
	EndGlobalSection
	GlobalSection(ProjectConfigurationPlatforms) = postSolution
		{867AD4A3-BA90-4943-AC0F-71AEF0557AB3}.Debug|Any CPU.ActiveCfg = Debug|Any CPU
		{867AD4A3-BA90-4943-AC0F-71AEF0557AB3}.Debug|Any CPU.Build.0 = Debug|Any CPU
		{867AD4A3-BA90-4943-AC0F-71AEF0557AB3}.Release|Any CPU.ActiveCfg = Release|Any CPU
		{867AD4A3-BA90-4943-AC0F-71AEF0557AB3}.Release|Any CPU.Build.0 = Release|Any CPU
		{3B728430-7815-4B32-AE65-AA59A584B8D9}.Debug|Any CPU.ActiveCfg = Debug|Any CPU
		{3B728430-7815-4B32-AE65-AA59A584B8D9}.Debug|Any CPU.Build.0 = Debug|Any CPU
		{3B728430-7815-4B32-AE65-AA59A584B8D9}.Release|Any CPU.ActiveCfg = Release|Any CPU
		{3B728430-7815-4B32-AE65-AA59A584B8D9}.Release|Any CPU.Build.0 = Release|Any CPU
		{5A297042-0E50-41F1-8D46-89F2F4267CEE}.Debug|Any CPU.ActiveCfg = Debug|Any CPU
		{5A297042-0E50-41F1-8D46-89F2F4267CEE}.Debug|Any CPU.Build.0 = Debug|Any CPU
		{5A297042-0E50-41F1-8D46-89F2F4267CEE}.Release|Any CPU.ActiveCfg = Release|Any CPU
		{5A297042-0E50-41F1-8D46-89F2F4267CEE}.Release|Any CPU.Build.0 = Release|Any CPU
	EndGlobalSection
	GlobalSection(SolutionProperties) = preSolution
		HideSolutionNode = FALSE
	EndGlobalSection
	GlobalSection(NestedProjects) = preSolution
		{867AD4A3-BA90-4943-AC0F-71AEF0557AB3} = {85D115C0-CBF1-4196-A4DB-5E538186D237}
		{3B728430-7815-4B32-AE65-AA59A584B8D9} = {85D115C0-CBF1-4196-A4DB-5E538186D237}
		{5A297042-0E50-41F1-8D46-89F2F4267CEE} = {E289F390-3AA6-4B9D-93D2-E23061C7ABAD}
	EndGlobalSection
	GlobalSection(ExtensibilityGlobals) = postSolution
		SolutionGuid = {BABB184D-8493-46B1-A127-ECB0F201D7A0}
	EndGlobalSection
EndGlobal
