
Microsoft Visual Studio Solution File, Format Version 12.00
# Visual Studio Version 17
VisualStudioVersion = 17.8.34330.188
MinimumVisualStudioVersion = 10.0.40219.1
Project("{2150E333-8FDC-42A3-9474-1A3956D46DE8}") = "src", "src", "{85D115C0-CBF1-4196-A4DB-5E538186D237}"
	ProjectSection(SolutionItems) = preProject
		src\Dockerfile_gateway = src\Dockerfile_gateway
		src\Dockerfile_orders = src\Dockerfile_orders
	EndProjectSection
EndProject
Project("{2150E333-8FDC-42A3-9474-1A3956D46DE8}") = "tests", "tests", "{E289F390-3AA6-4B9D-93D2-E23061C7ABAD}"
EndProject
Project("{2150E333-8FDC-42A3-9474-1A3956D46DE8}") = "common", "common", "{E0BABB26-E6D1-4ECE-8DBA-59C8B2D628ED}"
	ProjectSection(SolutionItems) = preProject
		.env = .env
		.gitlab-ci.yml = .gitlab-ci.yml
		docker-compose.yml = docker-compose.yml
		prometheus.yml = prometheus.yml
		readme.md = readme.md
	EndProjectSection
EndProject
Project("{9A19103F-16F7-4668-BE54-9A1E7A4F7556}") = "Ozon.Route256.Practice.OrdersService", "src\Ozon.Route256.Practice.OrdersService\Ozon.Route256.Practice.OrdersService.csproj", "{867AD4A3-BA90-4943-AC0F-71AEF0557AB3}"
EndProject
Project("{9A19103F-16F7-4668-BE54-9A1E7A4F7556}") = "Ozon.Route256.Practice.GatewayService", "src\Ozon.Route256.Practice.GatewayService\Ozon.Route256.Practice.GatewayService.csproj", "{3B728430-7815-4B32-AE65-AA59A584B8D9}"
EndProject
Project("{9A19103F-16F7-4668-BE54-9A1E7A4F7556}") = "TestServices", "TestServices\TestServices.csproj", "{5A297042-0E50-41F1-8D46-89F2F4267CEE}"
EndProject
Project("{2150E333-8FDC-42A3-9474-1A3956D46DE8}") = "Solution Items", "Solution Items", "{5F8F0E2F-3C90-4EC7-AE75-64C2A0B516EA}"
	ProjectSection(SolutionItems) = preProject
		.editorconfig = .editorconfig
	EndProjectSection
EndProject
Project("{9A19103F-16F7-4668-BE54-9A1E7A4F7556}") = "CommonLibServices", "src\CommonLibServices\CommonLibServices.csproj", "{9B223B4B-A56A-488F-9BD8-5030E837C63B}"
EndProject
Project("{9A19103F-16F7-4668-BE54-9A1E7A4F7556}") = "Ozon.Route256.Practice.OrdersService.Domain", "src\Ozon.Route256.Practice.OrdersService.Domain\Ozon.Route256.Practice.OrdersService.Domain.csproj", "{E984B55C-3CBB-4FD5-9341-D4C3A501F9EC}"
EndProject
Project("{9A19103F-16F7-4668-BE54-9A1E7A4F7556}") = "Ozon.Route256.Practice.OrdersService.Application", "src\Ozon.Route256.Practice.OrdersService.Application\Ozon.Route256.Practice.OrdersService.Application.csproj", "{8B029D7B-C614-49F7-B1EC-D2969FC503EE}"
EndProject
Project("{9A19103F-16F7-4668-BE54-9A1E7A4F7556}") = "Ozon.Route256.Practice.OrdersService.Infrastructure", "src\Ozon.Route256.Practice.OrdersService.Infrastructure\Ozon.Route256.Practice.OrdersService.Infrastructure.csproj", "{BCE121A8-AAF8-429A-8DB1-F34DEDFE2209}"
EndProject
Global
	GlobalSection(SolutionConfigurationPlatforms) = preSolution
		Debug|Any CPU = Debug|Any CPU
		Release|Any CPU = Release|Any CPU
	EndGlobalSection
	GlobalSection(ProjectConfigurationPlatforms) = postSolution
		{867AD4A3-BA90-4943-AC0F-71AEF0557AB3}.Debug|Any CPU.ActiveCfg = Debug|Any CPU
		{867AD4A3-BA90-4943-AC0F-71AEF0557AB3}.Debug|Any CPU.Build.0 = Debug|Any CPU
		{867AD4A3-BA90-4943-AC0F-71AEF0557AB3}.Release|Any CPU.ActiveCfg = Release|Any CPU
		{867AD4A3-BA90-4943-AC0F-71AEF0557AB3}.Release|Any CPU.Build.0 = Release|Any CPU
		{3B728430-7815-4B32-AE65-AA59A584B8D9}.Debug|Any CPU.ActiveCfg = Debug|Any CPU
		{3B728430-7815-4B32-AE65-AA59A584B8D9}.Debug|Any CPU.Build.0 = Debug|Any CPU
		{3B728430-7815-4B32-AE65-AA59A584B8D9}.Release|Any CPU.ActiveCfg = Release|Any CPU
		{3B728430-7815-4B32-AE65-AA59A584B8D9}.Release|Any CPU.Build.0 = Release|Any CPU
		{5A297042-0E50-41F1-8D46-89F2F4267CEE}.Debug|Any CPU.ActiveCfg = Debug|Any CPU
		{5A297042-0E50-41F1-8D46-89F2F4267CEE}.Debug|Any CPU.Build.0 = Debug|Any CPU
		{5A297042-0E50-41F1-8D46-89F2F4267CEE}.Release|Any CPU.ActiveCfg = Release|Any CPU
		{5A297042-0E50-41F1-8D46-89F2F4267CEE}.Release|Any CPU.Build.0 = Release|Any CPU
		{9B223B4B-A56A-488F-9BD8-5030E837C63B}.Debug|Any CPU.ActiveCfg = Debug|Any CPU
		{9B223B4B-A56A-488F-9BD8-5030E837C63B}.Debug|Any CPU.Build.0 = Debug|Any CPU
		{9B223B4B-A56A-488F-9BD8-5030E837C63B}.Release|Any CPU.ActiveCfg = Release|Any CPU
		{9B223B4B-A56A-488F-9BD8-5030E837C63B}.Release|Any CPU.Build.0 = Release|Any CPU
		{E984B55C-3CBB-4FD5-9341-D4C3A501F9EC}.Debug|Any CPU.ActiveCfg = Debug|Any CPU
		{E984B55C-3CBB-4FD5-9341-D4C3A501F9EC}.Debug|Any CPU.Build.0 = Debug|Any CPU
		{E984B55C-3CBB-4FD5-9341-D4C3A501F9EC}.Release|Any CPU.ActiveCfg = Release|Any CPU
		{E984B55C-3CBB-4FD5-9341-D4C3A501F9EC}.Release|Any CPU.Build.0 = Release|Any CPU
		{8B029D7B-C614-49F7-B1EC-D2969FC503EE}.Debug|Any CPU.ActiveCfg = Debug|Any CPU
		{8B029D7B-C614-49F7-B1EC-D2969FC503EE}.Debug|Any CPU.Build.0 = Debug|Any CPU
		{8B029D7B-C614-49F7-B1EC-D2969FC503EE}.Release|Any CPU.ActiveCfg = Release|Any CPU
		{8B029D7B-C614-49F7-B1EC-D2969FC503EE}.Release|Any CPU.Build.0 = Release|Any CPU
		{BCE121A8-AAF8-429A-8DB1-F34DEDFE2209}.Debug|Any CPU.ActiveCfg = Debug|Any CPU
		{BCE121A8-AAF8-429A-8DB1-F34DEDFE2209}.Debug|Any CPU.Build.0 = Debug|Any CPU
		{BCE121A8-AAF8-429A-8DB1-F34DEDFE2209}.Release|Any CPU.ActiveCfg = Release|Any CPU
		{BCE121A8-AAF8-429A-8DB1-F34DEDFE2209}.Release|Any CPU.Build.0 = Release|Any CPU
	EndGlobalSection
	GlobalSection(SolutionProperties) = preSolution
		HideSolutionNode = FALSE
	EndGlobalSection
	GlobalSection(NestedProjects) = preSolution
		{867AD4A3-BA90-4943-AC0F-71AEF0557AB3} = {85D115C0-CBF1-4196-A4DB-5E538186D237}
		{3B728430-7815-4B32-AE65-AA59A584B8D9} = {85D115C0-CBF1-4196-A4DB-5E538186D237}
		{5A297042-0E50-41F1-8D46-89F2F4267CEE} = {E289F390-3AA6-4B9D-93D2-E23061C7ABAD}
		{9B223B4B-A56A-488F-9BD8-5030E837C63B} = {85D115C0-CBF1-4196-A4DB-5E538186D237}
		{E984B55C-3CBB-4FD5-9341-D4C3A501F9EC} = {85D115C0-CBF1-4196-A4DB-5E538186D237}
		{8B029D7B-C614-49F7-B1EC-D2969FC503EE} = {85D115C0-CBF1-4196-A4DB-5E538186D237}
		{BCE121A8-AAF8-429A-8DB1-F34DEDFE2209} = {85D115C0-CBF1-4196-A4DB-5E538186D237}
	EndGlobalSection
	GlobalSection(ExtensibilityGlobals) = postSolution
		SolutionGuid = {BABB184D-8493-46B1-A127-ECB0F201D7A0}
	EndGlobalSection
EndGlobal
